
Microsoft Visual Studio Solution File, Format Version 12.00
# Visual Studio 15
VisualStudioVersion = 15.0.28307.757
MinimumVisualStudioVersion = 10.0.40219.1
Project("{FAE04EC0-301F-11D3-BF4B-00C04F79EFBC}") = "ConsoleApp1", "ConsoleApp1\ConsoleApp1.csproj", "{CBCFEB83-4797-4B89-8DA4-11DB08CA547F}"
EndProject
Global
	GlobalSection(SolutionConfigurationPlatforms) = preSolution
		Debug|Any CPU = Debug|Any CPU
		Release|Any CPU = Release|Any CPU
	EndGlobalSection
	GlobalSection(ProjectConfigurationPlatforms) = postSolution
		{CBCFEB83-4797-4B89-8DA4-11DB08CA547F}.Debug|Any CPU.ActiveCfg = Debug|Any CPU
		{CBCFEB83-4797-4B89-8DA4-11DB08CA547F}.Debug|Any CPU.Build.0 = Debug|Any CPU
		{CBCFEB83-4797-4B89-8DA4-11DB08CA547F}.Release|Any CPU.ActiveCfg = Release|Any CPU
		{CBCFEB83-4797-4B89-8DA4-11DB08CA547F}.Release|Any CPU.Build.0 = Release|Any CPU
	EndGlobalSection
	GlobalSection(SolutionProperties) = preSolution
		HideSolutionNode = FALSE
	EndGlobalSection
	GlobalSection(ExtensibilityGlobals) = postSolution
		SolutionGuid = {E99113BB-6BB8-42A2-B58C-FD569AD30B86}
	EndGlobalSection
EndGlobal
